
Microsoft Visual Studio Solution File, Format Version 12.00
# Visual Studio Version 16
VisualStudioVersion = 16.0.30907.101
MinimumVisualStudioVersion = 10.0.40219.1
Project("{FAE04EC0-301F-11D3-BF4B-00C04F79EFBC}") = "Hangman-sprint1", "Hangman-sprint1.csproj", "{A9044625-E445-4533-8B69-140D89208A01}"
EndProject
Global
	GlobalSection(SolutionConfigurationPlatforms) = preSolution
		Debug|Any CPU = Debug|Any CPU
		Release|Any CPU = Release|Any CPU
	EndGlobalSection
	GlobalSection(ProjectConfigurationPlatforms) = postSolution
		{A9044625-E445-4533-8B69-140D89208A01}.Debug|Any CPU.ActiveCfg = Debug|Any CPU
		{A9044625-E445-4533-8B69-140D89208A01}.Debug|Any CPU.Build.0 = Debug|Any CPU
		{A9044625-E445-4533-8B69-140D89208A01}.Release|Any CPU.ActiveCfg = Release|Any CPU
		{A9044625-E445-4533-8B69-140D89208A01}.Release|Any CPU.Build.0 = Release|Any CPU
	EndGlobalSection
	GlobalSection(SolutionProperties) = preSolution
		HideSolutionNode = FALSE
	EndGlobalSection
	GlobalSection(ExtensibilityGlobals) = postSolution
		SolutionGuid = {BC82190C-1043-46E2-A229-996F91396455}
	EndGlobalSection
EndGlobal
